PODS:
  - Differentiator (3.0.2)
  - Reactant (1.0.6):
    - Reactant/Core (= 1.0.6)
    - Reactant/Result (= 1.0.6)
  - Reactant/Configuration (1.0.6):
    - RxSwift (~> 4.0)
    - SnapKit (~> 4.0)
  - Reactant/Core (1.0.6):
    - Reactant/Configuration
    - RxCocoa (~> 4.0)
    - RxOptional (~> 3.0)
    - RxSwift (~> 4.0)
    - SnapKit (~> 4.0)
  - Reactant/Result (1.0.6):
    - Result (~> 3.0)
    - RxOptional (~> 3.0)
    - RxSwift (~> 4.0)
  - Reactant/TableView (1.0.6):
    - Reactant/Core
    - RxCocoa (~> 4.0)
    - RxDataSources (~> 3.0)
  - ReactantLiveUI (0.1.1):
    - Reactant (> 1.0)
    - Reactant/TableView (> 1.0)
    - RxCocoa
  - ReactantUI (0.1.1)
  - Result (3.2.4)
  - RxCocoa (4.0.0):
    - RxSwift (~> 4.0)
  - RxDataSources (3.0.2):
    - Differentiator (~> 3.0)
    - RxCocoa (~> 4.0)
    - RxSwift (~> 4.0)
  - RxOptional (3.3.0):
    - RxCocoa (~> 4.0)
    - RxSwift (~> 4.0)
  - RxSwift (4.0.0)
  - SnapKit (4.0.0)

DEPENDENCIES:
  - Reactant (~> 1.0)
  - ReactantLiveUI (from `https://github.com/Brightify/ReactantUI`, branch `tvOS`)
  - ReactantUI (from `https://github.com/Brightify/ReactantUI`, branch `tvOS`)

EXTERNAL SOURCES:
  ReactantLiveUI:
    :branch: tvOS
    :git: https://github.com/Brightify/ReactantUI
  ReactantUI:
    :branch: tvOS
    :git: https://github.com/Brightify/ReactantUI

CHECKOUT OPTIONS:
  ReactantLiveUI:
    :commit: 8bbafa21a7b023658e80e2afe6e395c604e3ae8b
    :git: https://github.com/Brightify/ReactantUI
  ReactantUI:
    :commit: 8bbafa21a7b023658e80e2afe6e395c604e3ae8b
    :git: https://github.com/Brightify/ReactantUI

SPEC CHECKSUMS:
  Differentiator: a87be69eba49ec4ab460c7671143ee3a9eececfd
  Reactant: a41efb7cd8499b1571de61fb5ee74fbe3657aa30
  ReactantLiveUI: f08a73995182eddc578bebf9ca98846cab833438
  ReactantUI: a38a6706526f0dfc95c4920eefb1791b3344f3bb
  Result: d2d07204ce72856f1fd9130bbe42c35a7b0fea10
  RxCocoa: d62846ca96495d862fa4c59ea7d87e5031d7340e
  RxDataSources: cb7c31e652a87ebb919da45f716bbb87b3765f6b
  RxOptional: e5448d3e21024489e07c31f6a262f2b50c975367
  RxSwift: fd680d75283beb5e2559486f3c0ff852f0d35334
  SnapKit: a42d492c16e80209130a3379f73596c3454b7694

PODFILE CHECKSUM: 82f5db362c5cc0ce1fd1b728e0dc15a4611140d7

COCOAPODS: 1.3.1
